
Microsoft Visual Studio Solution File, Format Version 12.00
# Visual Studio Version 16
VisualStudioVersion = 16.0.30104.148
MinimumVisualStudioVersion = 10.0.40219.1
Project("{FAE04EC0-301F-11D3-BF4B-00C04F79EFBC}") = "Presentation", "Presentation\Presentation.csproj", "{B0DDB86D-BFA9-4F69-AB1D-7ED581A11577}"
EndProject
Global
	GlobalSection(SolutionConfigurationPlatforms) = preSolution
		Debug|Any CPU = Debug|Any CPU
		Release|Any CPU = Release|Any CPU
	EndGlobalSection
	GlobalSection(ProjectConfigurationPlatforms) = postSolution
		{B0DDB86D-BFA9-4F69-AB1D-7ED581A11577}.Debug|Any CPU.ActiveCfg = Debug|Any CPU
		{B0DDB86D-BFA9-4F69-AB1D-7ED581A11577}.Debug|Any CPU.Build.0 = Debug|Any CPU
		{B0DDB86D-BFA9-4F69-AB1D-7ED581A11577}.Release|Any CPU.ActiveCfg = Release|Any CPU
		{B0DDB86D-BFA9-4F69-AB1D-7ED581A11577}.Release|Any CPU.Build.0 = Release|Any CPU
	EndGlobalSection
	GlobalSection(SolutionProperties) = preSolution
		HideSolutionNode = FALSE
	EndGlobalSection
	GlobalSection(ExtensibilityGlobals) = postSolution
		SolutionGuid = {A6403EC1-DF46-47B6-A208-A2BE8C77F442}
	EndGlobalSection
EndGlobal
